// !$*UTF8*$!
{
	archiveVersion = 1;
	classes = {
	};
	objectVersion = 56;
	objects = {

/* Begin PBXBuildFile section */
		45A55CEE29ED71480029979A /* LobbyView.swift in Sources */ = {isa = PBXBuildFile; fileRef = 45A55CED29ED71480029979A /* LobbyView.swift */; };
		45A55CF429ED71FA0029979A /* EndScreenView.swift in Sources */ = {isa = PBXBuildFile; fileRef = 45A55CF329ED71FA0029979A /* EndScreenView.swift */; };
		45A55CF729ED723A0029979A /* CMIYC-Button.swift in Sources */ = {isa = PBXBuildFile; fileRef = 45A55CF629ED723A0029979A /* CMIYC-Button.swift */; };
		45A55CF929ED724C0029979A /* CMIYC-TextInput.swift in Sources */ = {isa = PBXBuildFile; fileRef = 45A55CF829ED724C0029979A /* CMIYC-TextInput.swift */; };
		45A55CFC29ED72A10029979A /* Cat.swift in Sources */ = {isa = PBXBuildFile; fileRef = 45A55CFB29ED72A10029979A /* Cat.swift */; };
		45A55CFE29ED72BA0029979A /* Mouse.swift in Sources */ = {isa = PBXBuildFile; fileRef = 45A55CFD29ED72BA0029979A /* Mouse.swift */; };
		45A55D0029ED72CB0029979A /* Exit.swift in Sources */ = {isa = PBXBuildFile; fileRef = 45A55CFF29ED72CB0029979A /* Exit.swift */; };
		45A55D0229ED72E50029979A /* BoardView.swift in Sources */ = {isa = PBXBuildFile; fileRef = 45A55D0129ED72E50029979A /* BoardView.swift */; };
		45A55D0429ED72FF0029979A /* Scoreboard.swift in Sources */ = {isa = PBXBuildFile; fileRef = 45A55D0329ED72FF0029979A /* Scoreboard.swift */; };
		45A55D0629ED731D0029979A /* LoadingScreenView.swift in Sources */ = {isa = PBXBuildFile; fileRef = 45A55D0529ED731D0029979A /* LoadingScreenView.swift */; };
		45A55D0829ED732F0029979A /* LoadingText.swift in Sources */ = {isa = PBXBuildFile; fileRef = 45A55D0729ED732F0029979A /* LoadingText.swift */; };
		45A55D0C29ED74F80029979A /* FinalScoreboard.swift in Sources */ = {isa = PBXBuildFile; fileRef = 45A55D0B29ED74F80029979A /* FinalScoreboard.swift */; };
		45B3CEA129EECBB100239E44 /* MainView.swift in Sources */ = {isa = PBXBuildFile; fileRef = 45B3CEA029EECBB100239E44 /* MainView.swift */; };
		45B3CEA329EED17F00239E44 /* StatefulPreviewWrapper.swift in Sources */ = {isa = PBXBuildFile; fileRef = 45B3CEA229EED17F00239E44 /* StatefulPreviewWrapper.swift */; };
		45B3CEA629EED64800239E44 /* UIError.swift in Sources */ = {isa = PBXBuildFile; fileRef = 45B3CEA529EED64800239E44 /* UIError.swift */; };
		45C0A61A29F68C8C006B5C34 /* usernames.json in Resources */ = {isa = PBXBuildFile; fileRef = 45C0A61929F68C8C006B5C34 /* usernames.json */; };
		45C0A61C29F68CEE006B5C34 /* loading-messages.json in Resources */ = {isa = PBXBuildFile; fileRef = 45C0A61B29F68CEE006B5C34 /* loading-messages.json */; };
		45C0A61E29F68D1C006B5C34 /* random-text-selector.swift in Sources */ = {isa = PBXBuildFile; fileRef = 45C0A61D29F68D1C006B5C34 /* random-text-selector.swift */; };
		BC064C0429E72F43003F97B7 /* ClientApp.swift in Sources */ = {isa = PBXBuildFile; fileRef = BC064C0329E72F43003F97B7 /* ClientApp.swift */; };
		BC064C0829E72F44003F97B7 /* Assets.xcassets in Resources */ = {isa = PBXBuildFile; fileRef = BC064C0729E72F44003F97B7 /* Assets.xcassets */; };
		BC064C0B29E72F44003F97B7 /* Preview Assets.xcassets in Resources */ = {isa = PBXBuildFile; fileRef = BC064C0A29E72F44003F97B7 /* Preview Assets.xcassets */; };
		BCD17E4429E815130096428B /* Shared in Frameworks */ = {isa = PBXBuildFile; productRef = BCD17E4329E815130096428B /* Shared */; };
		C712340B29EEE514006E849F /* team.xcconfig in Resources */ = {isa = PBXBuildFile; fileRef = C712340A29EEE514006E849F /* team.xcconfig */; };
		C719552129FE96480033066E /* CGKeyCodeExtension.swift in Sources */ = {isa = PBXBuildFile; fileRef = C719552029FE96480033066E /* CGKeyCodeExtension.swift */; };
		C72F29A729F6ABA200B46B19 /* WebsocketInnerView.swift in Sources */ = {isa = PBXBuildFile; fileRef = C72F29A629F6ABA200B46B19 /* WebsocketInnerView.swift */; };
		C72F29A929F6ABB700B46B19 /* WebsocketContentView.swift in Sources */ = {isa = PBXBuildFile; fileRef = C72F29A829F6ABB700B46B19 /* WebsocketContentView.swift */; };
		C72F29B029F6BA9800B46B19 /* WebSocketDelegate.swift in Sources */ = {isa = PBXBuildFile; fileRef = C72F29AF29F6BA9800B46B19 /* WebSocketDelegate.swift */; };
		C72F29B429F6BBE800B46B19 /* WebSocketClient.swift in Sources */ = {isa = PBXBuildFile; fileRef = C72F29B329F6BBE800B46B19 /* WebSocketClient.swift */; };
		C76B071129F7D3760035CAC8 /* GameSession.swift in Sources */ = {isa = PBXBuildFile; fileRef = C76B071029F7D3760035CAC8 /* GameSession.swift */; };
		C77B2B1A29FE85CC0075EE85 /* KeyBoardManager.swift in Sources */ = {isa = PBXBuildFile; fileRef = C77B2B1929FE85CC0075EE85 /* KeyBoardManager.swift */; };
		C7B26DAB29F92F0200899121 /* GameManagerDelegate.swift in Sources */ = {isa = PBXBuildFile; fileRef = C7B26DAA29F92F0200899121 /* GameManagerDelegate.swift */; };
		C7B26DAE29F9324400899121 /* GameData.swift in Sources */ = {isa = PBXBuildFile; fileRef = C7B26DAD29F9324400899121 /* GameData.swift */; };
		C7EC374029F7F6C800268BEE /* Logging in Frameworks */ = {isa = PBXBuildFile; productRef = C7EC373F29F7F6C800268BEE /* Logging */; };
		C7EC374229F7FB0100268BEE /* dev.xcconfig in Resources */ = {isa = PBXBuildFile; fileRef = C7EC374129F7FB0100268BEE /* dev.xcconfig */; };
		C7EC374429F7FD4700268BEE /* Configuration.swift in Sources */ = {isa = PBXBuildFile; fileRef = C7EC374329F7FD4700268BEE /* Configuration.swift */; };
/* End PBXBuildFile section */

/* Begin PBXFileReference section */
		45A55CED29ED71480029979A /* LobbyView.swift */ = {isa = PBXFileReference; lastKnownFileType = sourcecode.swift; path = LobbyView.swift; sourceTree = "<group>"; };
		45A55CF329ED71FA0029979A /* EndScreenView.swift */ = {isa = PBXFileReference; lastKnownFileType = sourcecode.swift; path = EndScreenView.swift; sourceTree = "<group>"; };
		45A55CF629ED723A0029979A /* CMIYC-Button.swift */ = {isa = PBXFileReference; lastKnownFileType = sourcecode.swift; path = "CMIYC-Button.swift"; sourceTree = "<group>"; };
		45A55CF829ED724C0029979A /* CMIYC-TextInput.swift */ = {isa = PBXFileReference; lastKnownFileType = sourcecode.swift; path = "CMIYC-TextInput.swift"; sourceTree = "<group>"; };
		45A55CFB29ED72A10029979A /* Cat.swift */ = {isa = PBXFileReference; lastKnownFileType = sourcecode.swift; path = Cat.swift; sourceTree = "<group>"; };
		45A55CFD29ED72BA0029979A /* Mouse.swift */ = {isa = PBXFileReference; lastKnownFileType = sourcecode.swift; path = Mouse.swift; sourceTree = "<group>"; };
		45A55CFF29ED72CB0029979A /* Exit.swift */ = {isa = PBXFileReference; lastKnownFileType = sourcecode.swift; path = Exit.swift; sourceTree = "<group>"; };
		45A55D0129ED72E50029979A /* BoardView.swift */ = {isa = PBXFileReference; lastKnownFileType = sourcecode.swift; path = BoardView.swift; sourceTree = "<group>"; };
		45A55D0329ED72FF0029979A /* Scoreboard.swift */ = {isa = PBXFileReference; lastKnownFileType = sourcecode.swift; path = Scoreboard.swift; sourceTree = "<group>"; };
		45A55D0529ED731D0029979A /* LoadingScreenView.swift */ = {isa = PBXFileReference; lastKnownFileType = sourcecode.swift; path = LoadingScreenView.swift; sourceTree = "<group>"; };
		45A55D0729ED732F0029979A /* LoadingText.swift */ = {isa = PBXFileReference; lastKnownFileType = sourcecode.swift; path = LoadingText.swift; sourceTree = "<group>"; };
		45A55D0B29ED74F80029979A /* FinalScoreboard.swift */ = {isa = PBXFileReference; lastKnownFileType = sourcecode.swift; path = FinalScoreboard.swift; sourceTree = "<group>"; };
		45B3CEA029EECBB100239E44 /* MainView.swift */ = {isa = PBXFileReference; lastKnownFileType = sourcecode.swift; name = MainView.swift; path = Client/Views/MainView.swift; sourceTree = SOURCE_ROOT; };
		45B3CEA229EED17F00239E44 /* StatefulPreviewWrapper.swift */ = {isa = PBXFileReference; lastKnownFileType = sourcecode.swift; path = StatefulPreviewWrapper.swift; sourceTree = "<group>"; };
		45B3CEA529EED64800239E44 /* UIError.swift */ = {isa = PBXFileReference; lastKnownFileType = sourcecode.swift; path = UIError.swift; sourceTree = "<group>"; };
		45C0A61929F68C8C006B5C34 /* usernames.json */ = {isa = PBXFileReference; lastKnownFileType = text.json; name = usernames.json; path = Client/Helpers/usernames.json; sourceTree = SOURCE_ROOT; };
		45C0A61B29F68CEE006B5C34 /* loading-messages.json */ = {isa = PBXFileReference; lastKnownFileType = text.json; path = "loading-messages.json"; sourceTree = "<group>"; };
		45C0A61D29F68D1C006B5C34 /* random-text-selector.swift */ = {isa = PBXFileReference; lastKnownFileType = sourcecode.swift; path = "random-text-selector.swift"; sourceTree = "<group>"; };
		BC064C0029E72F43003F97B7 /* Client.app */ = {isa = PBXFileReference; explicitFileType = wrapper.application; includeInIndex = 0; path = Client.app; sourceTree = BUILT_PRODUCTS_DIR; };
		BC064C0329E72F43003F97B7 /* ClientApp.swift */ = {isa = PBXFileReference; lastKnownFileType = sourcecode.swift; path = ClientApp.swift; sourceTree = "<group>"; };
		BC064C0729E72F44003F97B7 /* Assets.xcassets */ = {isa = PBXFileReference; lastKnownFileType = folder.assetcatalog; path = Assets.xcassets; sourceTree = "<group>"; };
		BC064C0A29E72F44003F97B7 /* Preview Assets.xcassets */ = {isa = PBXFileReference; lastKnownFileType = folder.assetcatalog; path = "Preview Assets.xcassets"; sourceTree = "<group>"; };
		BC064C0C29E72F44003F97B7 /* Client.entitlements */ = {isa = PBXFileReference; lastKnownFileType = text.plist.entitlements; path = Client.entitlements; sourceTree = "<group>"; };
		C712340A29EEE514006E849F /* team.xcconfig */ = {isa = PBXFileReference; lastKnownFileType = text.xcconfig; path = team.xcconfig; sourceTree = "<group>"; };
		C719552029FE96480033066E /* CGKeyCodeExtension.swift */ = {isa = PBXFileReference; lastKnownFileType = sourcecode.swift; path = CGKeyCodeExtension.swift; sourceTree = "<group>"; };
		C72F29A629F6ABA200B46B19 /* WebsocketInnerView.swift */ = {isa = PBXFileReference; lastKnownFileType = sourcecode.swift; path = WebsocketInnerView.swift; sourceTree = "<group>"; };
		C72F29A829F6ABB700B46B19 /* WebsocketContentView.swift */ = {isa = PBXFileReference; lastKnownFileType = sourcecode.swift; path = WebsocketContentView.swift; sourceTree = "<group>"; };
		C72F29AA29F6B10D00B46B19 /* Info.plist */ = {isa = PBXFileReference; lastKnownFileType = text.plist; path = Info.plist; sourceTree = "<group>"; };
		C72F29AF29F6BA9800B46B19 /* WebSocketDelegate.swift */ = {isa = PBXFileReference; lastKnownFileType = sourcecode.swift; path = WebSocketDelegate.swift; sourceTree = "<group>"; };
		C72F29B329F6BBE800B46B19 /* WebSocketClient.swift */ = {isa = PBXFileReference; lastKnownFileType = sourcecode.swift; path = WebSocketClient.swift; sourceTree = "<group>"; };
		C76B071029F7D3760035CAC8 /* GameSession.swift */ = {isa = PBXFileReference; lastKnownFileType = sourcecode.swift; path = GameSession.swift; sourceTree = "<group>"; };
		C77B2B1929FE85CC0075EE85 /* KeyBoardManager.swift */ = {isa = PBXFileReference; lastKnownFileType = sourcecode.swift; path = KeyBoardManager.swift; sourceTree = "<group>"; };
		C7B26DAA29F92F0200899121 /* GameManagerDelegate.swift */ = {isa = PBXFileReference; lastKnownFileType = sourcecode.swift; path = GameManagerDelegate.swift; sourceTree = "<group>"; };
		C7B26DAD29F9324400899121 /* GameData.swift */ = {isa = PBXFileReference; lastKnownFileType = sourcecode.swift; path = GameData.swift; sourceTree = "<group>"; };
		C7EC374129F7FB0100268BEE /* dev.xcconfig */ = {isa = PBXFileReference; lastKnownFileType = text.xcconfig; path = dev.xcconfig; sourceTree = "<group>"; };
		C7EC374329F7FD4700268BEE /* Configuration.swift */ = {isa = PBXFileReference; lastKnownFileType = sourcecode.swift; path = Configuration.swift; sourceTree = "<group>"; };
/* End PBXFileReference section */

/* Begin PBXFrameworksBuildPhase section */
		BC064BFD29E72F43003F97B7 /* Frameworks */ = {
			isa = PBXFrameworksBuildPhase;
			buildActionMask = 2147483647;
			files = (
				C7EC374029F7F6C800268BEE /* Logging in Frameworks */,
				BCD17E4429E815130096428B /* Shared in Frameworks */,
			);
			runOnlyForDeploymentPostprocessing = 0;
		};
/* End PBXFrameworksBuildPhase section */

/* Begin PBXGroup section */
		45A55CEB29ED70D80029979A /* Views */ = {
			isa = PBXGroup;
			children = (
				C7B26DAF29F93FB800899121 /* Demo */,
				45B3CEA029EECBB100239E44 /* MainView.swift */,
				45A55CFA29ED72900029979A /* BoardViews */,
				45A55CF529ED72000029979A /* HelperViews */,
				45A55CF229ED71D80029979A /* CMIYC-EndScreen */,
				45A55CF029ED719C0029979A /* CMIYC-LoadingScreen */,
				45A55CEF29ED71890029979A /* CMIYC-Board */,
				45A55CEC29ED70E10029979A /* CMIYC-Lobby */,
			);
			path = Views;
			sourceTree = "<group>";
		};
		45A55CEC29ED70E10029979A /* CMIYC-Lobby */ = {
			isa = PBXGroup;
			children = (
				45A55CED29ED71480029979A /* LobbyView.swift */,
			);
			path = "CMIYC-Lobby";
			sourceTree = "<group>";
		};
		45A55CEF29ED71890029979A /* CMIYC-Board */ = {
			isa = PBXGroup;
			children = (
				45A55D0129ED72E50029979A /* BoardView.swift */,
				45A55D0329ED72FF0029979A /* Scoreboard.swift */,
			);
			path = "CMIYC-Board";
			sourceTree = "<group>";
		};
		45A55CF029ED719C0029979A /* CMIYC-LoadingScreen */ = {
			isa = PBXGroup;
			children = (
				45A55D0529ED731D0029979A /* LoadingScreenView.swift */,
				45A55D0729ED732F0029979A /* LoadingText.swift */,
			);
			path = "CMIYC-LoadingScreen";
			sourceTree = "<group>";
		};
		45A55CF229ED71D80029979A /* CMIYC-EndScreen */ = {
			isa = PBXGroup;
			children = (
				45A55CF329ED71FA0029979A /* EndScreenView.swift */,
				45A55D0B29ED74F80029979A /* FinalScoreboard.swift */,
			);
			path = "CMIYC-EndScreen";
			sourceTree = "<group>";
		};
		45A55CF529ED72000029979A /* HelperViews */ = {
			isa = PBXGroup;
			children = (
				45A55CF629ED723A0029979A /* CMIYC-Button.swift */,
				45A55CF829ED724C0029979A /* CMIYC-TextInput.swift */,
				45B3CEA229EED17F00239E44 /* StatefulPreviewWrapper.swift */,
			);
			path = HelperViews;
			sourceTree = "<group>";
		};
		45A55CFA29ED72900029979A /* BoardViews */ = {
			isa = PBXGroup;
			children = (
				45A55CFB29ED72A10029979A /* Cat.swift */,
				45A55CFD29ED72BA0029979A /* Mouse.swift */,
				45A55CFF29ED72CB0029979A /* Exit.swift */,
			);
			path = BoardViews;
			sourceTree = "<group>";
		};
		45B3CEA429EED62700239E44 /* Helpers */ = {
			isa = PBXGroup;
			children = (
				45B3CEA529EED64800239E44 /* UIError.swift */,
				45C0A61929F68C8C006B5C34 /* usernames.json */,
				45C0A61B29F68CEE006B5C34 /* loading-messages.json */,
				45C0A61D29F68D1C006B5C34 /* random-text-selector.swift */,
			);
			path = Helpers;
			sourceTree = "<group>";
		};
		BC064BF729E72F42003F97B7 = {
			isa = PBXGroup;
			children = (
				C7EC374129F7FB0100268BEE /* dev.xcconfig */,
				C712340A29EEE514006E849F /* team.xcconfig */,
				BC064C0229E72F43003F97B7 /* Client */,
				BC064C0129E72F43003F97B7 /* Products */,
				BCD17E4229E815130096428B /* Frameworks */,
			);
			sourceTree = "<group>";
		};
		BC064C0129E72F43003F97B7 /* Products */ = {
			isa = PBXGroup;
			children = (
				BC064C0029E72F43003F97B7 /* Client.app */,
			);
			name = Products;
			sourceTree = "<group>";
		};
		BC064C0229E72F43003F97B7 /* Client */ = {
			isa = PBXGroup;
			children = (
				C7B26DA829F92C2400899121 /* Config */,
				C72F29AA29F6B10D00B46B19 /* Info.plist */,
				C72F29A329F6AB0A00B46B19 /* Services */,
				45B3CEA429EED62700239E44 /* Helpers */,
				45A55CEB29ED70D80029979A /* Views */,
				BC064C0329E72F43003F97B7 /* ClientApp.swift */,
				BC064C0729E72F44003F97B7 /* Assets.xcassets */,
				BC064C0C29E72F44003F97B7 /* Client.entitlements */,
				BC064C0929E72F44003F97B7 /* Preview Content */,
			);
			path = Client;
			sourceTree = "<group>";
		};
		BC064C0929E72F44003F97B7 /* Preview Content */ = {
			isa = PBXGroup;
			children = (
				BC064C0A29E72F44003F97B7 /* Preview Assets.xcassets */,
			);
			path = "Preview Content";
			sourceTree = "<group>";
		};
		BCD17E4229E815130096428B /* Frameworks */ = {
			isa = PBXGroup;
			children = (
			);
			name = Frameworks;
			sourceTree = "<group>";
		};
		C719551F29FE96070033066E /* Keyboard */ = {
			isa = PBXGroup;
			children = (
				C719552029FE96480033066E /* CGKeyCodeExtension.swift */,
				C77B2B1929FE85CC0075EE85 /* KeyBoardManager.swift */,
			);
			path = Keyboard;
			sourceTree = "<group>";
		};
		C72F29A329F6AB0A00B46B19 /* Services */ = {
			isa = PBXGroup;
			children = (
				C719551F29FE96070033066E /* Keyboard */,
				C7B26DA929F92EBA00899121 /* Game */,
				C7B26DA529F92BC900899121 /* Websocket */,
			);
			path = Services;
			sourceTree = "<group>";
		};
		C7B26DA529F92BC900899121 /* Websocket */ = {
			isa = PBXGroup;
			children = (
				C72F29AF29F6BA9800B46B19 /* WebSocketDelegate.swift */,
				C72F29B329F6BBE800B46B19 /* WebSocketClient.swift */,
			);
			path = Websocket;
			sourceTree = "<group>";
		};
		C7B26DA829F92C2400899121 /* Config */ = {
			isa = PBXGroup;
			children = (
				C7EC374329F7FD4700268BEE /* Configuration.swift */,
			);
			path = Config;
			sourceTree = "<group>";
		};
		C7B26DA929F92EBA00899121 /* Game */ = {
			isa = PBXGroup;
			children = (
				C76B071029F7D3760035CAC8 /* GameSession.swift */,
				C7B26DAA29F92F0200899121 /* GameManagerDelegate.swift */,
				C7B26DAD29F9324400899121 /* GameData.swift */,
			);
			path = Game;
			sourceTree = "<group>";
		};
		C7B26DAF29F93FB800899121 /* Demo */ = {
			isa = PBXGroup;
			children = (
				C72F29A629F6ABA200B46B19 /* WebsocketInnerView.swift */,
				C72F29A829F6ABB700B46B19 /* WebsocketContentView.swift */,
			);
			path = Demo;
			sourceTree = "<group>";
		};
/* End PBXGroup section */

/* Begin PBXNativeTarget section */
		BC064BFF29E72F43003F97B7 /* Client */ = {
			isa = PBXNativeTarget;
			buildConfigurationList = BC064C0F29E72F44003F97B7 /* Build configuration list for PBXNativeTarget "Client" */;
			buildPhases = (
				BC064BFC29E72F43003F97B7 /* Sources */,
				BC064BFD29E72F43003F97B7 /* Frameworks */,
				BC064BFE29E72F43003F97B7 /* Resources */,
			);
			buildRules = (
			);
			dependencies = (
			);
			name = Client;
			packageProductDependencies = (
				BCD17E4329E815130096428B /* Shared */,
				C7EC373F29F7F6C800268BEE /* Logging */,
			);
			productName = Client;
			productReference = BC064C0029E72F43003F97B7 /* Client.app */;
			productType = "com.apple.product-type.application";
		};
/* End PBXNativeTarget section */

/* Begin PBXProject section */
		BC064BF829E72F42003F97B7 /* Project object */ = {
			isa = PBXProject;
			attributes = {
				BuildIndependentTargetsInParallel = 1;
				LastSwiftUpdateCheck = 1430;
				LastUpgradeCheck = 1430;
				TargetAttributes = {
					BC064BFF29E72F43003F97B7 = {
						CreatedOnToolsVersion = 14.3;
					};
				};
			};
			buildConfigurationList = BC064BFB29E72F42003F97B7 /* Build configuration list for PBXProject "Client" */;
			compatibilityVersion = "Xcode 14.0";
			developmentRegion = en;
			hasScannedForEncodings = 0;
			knownRegions = (
				en,
				Base,
			);
			mainGroup = BC064BF729E72F42003F97B7;
			packageReferences = (
				C7EC373E29F7F6C800268BEE /* XCRemoteSwiftPackageReference "swift-log" */,
			);
			productRefGroup = BC064C0129E72F43003F97B7 /* Products */;
			projectDirPath = "";
			projectRoot = "";
			targets = (
				BC064BFF29E72F43003F97B7 /* Client */,
			);
		};
/* End PBXProject section */

/* Begin PBXResourcesBuildPhase section */
		BC064BFE29E72F43003F97B7 /* Resources */ = {
			isa = PBXResourcesBuildPhase;
			buildActionMask = 2147483647;
			files = (
				BC064C0B29E72F44003F97B7 /* Preview Assets.xcassets in Resources */,
				45C0A61C29F68CEE006B5C34 /* loading-messages.json in Resources */,
				45C0A61A29F68C8C006B5C34 /* usernames.json in Resources */,
				C712340B29EEE514006E849F /* team.xcconfig in Resources */,
				C7EC374229F7FB0100268BEE /* dev.xcconfig in Resources */,
				BC064C0829E72F44003F97B7 /* Assets.xcassets in Resources */,
			);
			runOnlyForDeploymentPostprocessing = 0;
		};
/* End PBXResourcesBuildPhase section */

/* Begin PBXSourcesBuildPhase section */
		BC064BFC29E72F43003F97B7 /* Sources */ = {
			isa = PBXSourcesBuildPhase;
			buildActionMask = 2147483647;
			files = (
				45A55CF429ED71FA0029979A /* EndScreenView.swift in Sources */,
				C7B26DAB29F92F0200899121 /* GameManagerDelegate.swift in Sources */,
				45A55D0C29ED74F80029979A /* FinalScoreboard.swift in Sources */,
				C719552129FE96480033066E /* CGKeyCodeExtension.swift in Sources */,
				45B3CEA329EED17F00239E44 /* StatefulPreviewWrapper.swift in Sources */,
				45A55CFC29ED72A10029979A /* Cat.swift in Sources */,
				C77B2B1A29FE85CC0075EE85 /* KeyBoardManager.swift in Sources */,
				BC064C0429E72F43003F97B7 /* ClientApp.swift in Sources */,
				C7B26DAE29F9324400899121 /* GameData.swift in Sources */,
				45A55CEE29ED71480029979A /* LobbyView.swift in Sources */,
				C7EC374429F7FD4700268BEE /* Configuration.swift in Sources */,
				45A55CF729ED723A0029979A /* CMIYC-Button.swift in Sources */,
				45A55CF929ED724C0029979A /* CMIYC-TextInput.swift in Sources */,
				45A55D0429ED72FF0029979A /* Scoreboard.swift in Sources */,
				45A55D0229ED72E50029979A /* BoardView.swift in Sources */,
				C72F29A729F6ABA200B46B19 /* WebsocketInnerView.swift in Sources */,
				45A55D0029ED72CB0029979A /* Exit.swift in Sources */,
				C76B071129F7D3760035CAC8 /* GameSession.swift in Sources */,
				45C0A61E29F68D1C006B5C34 /* random-text-selector.swift in Sources */,
				45B3CEA629EED64800239E44 /* UIError.swift in Sources */,
				C72F29B029F6BA9800B46B19 /* WebSocketDelegate.swift in Sources */,
				45A55D0829ED732F0029979A /* LoadingText.swift in Sources */,
				45A55CFE29ED72BA0029979A /* Mouse.swift in Sources */,
				C72F29B429F6BBE800B46B19 /* WebSocketClient.swift in Sources */,
				45B3CEA129EECBB100239E44 /* MainView.swift in Sources */,
				C72F29A929F6ABB700B46B19 /* WebsocketContentView.swift in Sources */,
				45A55D0629ED731D0029979A /* LoadingScreenView.swift in Sources */,
			);
			runOnlyForDeploymentPostprocessing = 0;
		};
/* End PBXSourcesBuildPhase section */

/* Begin XCBuildConfiguration section */
		BC064C0D29E72F44003F97B7 /* Debug */ = {
			isa = XCBuildConfiguration;
			baseConfigurationReference = C7EC374129F7FB0100268BEE /* dev.xcconfig */;
			buildSettings = {
				ALWAYS_SEARCH_USER_PATHS = NO;
				CLANG_ANALYZER_NONNULL = YES;
				CLANG_ANALYZER_NUMBER_OBJECT_CONVERSION = YES_AGGRESSIVE;
				CLANG_CXX_LANGUAGE_STANDARD = "gnu++20";
				CLANG_ENABLE_MODULES = YES;
				CLANG_ENABLE_OBJC_ARC = YES;
				CLANG_ENABLE_OBJC_WEAK = YES;
				CLANG_WARN_BLOCK_CAPTURE_AUTORELEASING = YES;
				CLANG_WARN_BOOL_CONVERSION = YES;
				CLANG_WARN_COMMA = YES;
				CLANG_WARN_CONSTANT_CONVERSION = YES;
				CLANG_WARN_DEPRECATED_OBJC_IMPLEMENTATIONS = YES;
				CLANG_WARN_DIRECT_OBJC_ISA_USAGE = YES_ERROR;
				CLANG_WARN_DOCUMENTATION_COMMENTS = YES;
				CLANG_WARN_EMPTY_BODY = YES;
				CLANG_WARN_ENUM_CONVERSION = YES;
				CLANG_WARN_INFINITE_RECURSION = YES;
				CLANG_WARN_INT_CONVERSION = YES;
				CLANG_WARN_NON_LITERAL_NULL_CONVERSION = YES;
				CLANG_WARN_OBJC_IMPLICIT_RETAIN_SELF = YES;
				CLANG_WARN_OBJC_LITERAL_CONVERSION = YES;
				CLANG_WARN_OBJC_ROOT_CLASS = YES_ERROR;
				CLANG_WARN_QUOTED_INCLUDE_IN_FRAMEWORK_HEADER = YES;
				CLANG_WARN_RANGE_LOOP_ANALYSIS = YES;
				CLANG_WARN_STRICT_PROTOTYPES = YES;
				CLANG_WARN_SUSPICIOUS_MOVE = YES;
				CLANG_WARN_UNGUARDED_AVAILABILITY = YES_AGGRESSIVE;
				CLANG_WARN_UNREACHABLE_CODE = YES;
				CLANG_WARN__DUPLICATE_METHOD_MATCH = YES;
				COPY_PHASE_STRIP = NO;
				DEBUG_INFORMATION_FORMAT = dwarf;
				ENABLE_STRICT_OBJC_MSGSEND = YES;
				ENABLE_TESTABILITY = YES;
				GCC_C_LANGUAGE_STANDARD = gnu11;
				GCC_DYNAMIC_NO_PIC = NO;
				GCC_NO_COMMON_BLOCKS = YES;
				GCC_OPTIMIZATION_LEVEL = 0;
				GCC_PREPROCESSOR_DEFINITIONS = (
					"DEBUG=1",
					"$(inherited)",
				);
				GCC_WARN_64_TO_32_BIT_CONVERSION = YES;
				GCC_WARN_ABOUT_RETURN_TYPE = YES_ERROR;
				GCC_WARN_UNDECLARED_SELECTOR = YES;
				GCC_WARN_UNINITIALIZED_AUTOS = YES_AGGRESSIVE;
				GCC_WARN_UNUSED_FUNCTION = YES;
				GCC_WARN_UNUSED_VARIABLE = YES;
				MACOSX_DEPLOYMENT_TARGET = 13.2;
				MTL_ENABLE_DEBUG_INFO = INCLUDE_SOURCE;
				MTL_FAST_MATH = YES;
				ONLY_ACTIVE_ARCH = YES;
				SDKROOT = macosx;
				SWIFT_ACTIVE_COMPILATION_CONDITIONS = DEBUG;
				SWIFT_OPTIMIZATION_LEVEL = "-Onone";
			};
			name = Debug;
		};
		BC064C0E29E72F44003F97B7 /* Release */ = {
			isa = XCBuildConfiguration;
			baseConfigurationReference = C7EC374129F7FB0100268BEE /* dev.xcconfig */;
			buildSettings = {
				ALWAYS_SEARCH_USER_PATHS = NO;
				CLANG_ANALYZER_NONNULL = YES;
				CLANG_ANALYZER_NUMBER_OBJECT_CONVERSION = YES_AGGRESSIVE;
				CLANG_CXX_LANGUAGE_STANDARD = "gnu++20";
				CLANG_ENABLE_MODULES = YES;
				CLANG_ENABLE_OBJC_ARC = YES;
				CLANG_ENABLE_OBJC_WEAK = YES;
				CLANG_WARN_BLOCK_CAPTURE_AUTORELEASING = YES;
				CLANG_WARN_BOOL_CONVERSION = YES;
				CLANG_WARN_COMMA = YES;
				CLANG_WARN_CONSTANT_CONVERSION = YES;
				CLANG_WARN_DEPRECATED_OBJC_IMPLEMENTATIONS = YES;
				CLANG_WARN_DIRECT_OBJC_ISA_USAGE = YES_ERROR;
				CLANG_WARN_DOCUMENTATION_COMMENTS = YES;
				CLANG_WARN_EMPTY_BODY = YES;
				CLANG_WARN_ENUM_CONVERSION = YES;
				CLANG_WARN_INFINITE_RECURSION = YES;
				CLANG_WARN_INT_CONVERSION = YES;
				CLANG_WARN_NON_LITERAL_NULL_CONVERSION = YES;
				CLANG_WARN_OBJC_IMPLICIT_RETAIN_SELF = YES;
				CLANG_WARN_OBJC_LITERAL_CONVERSION = YES;
				CLANG_WARN_OBJC_ROOT_CLASS = YES_ERROR;
				CLANG_WARN_QUOTED_INCLUDE_IN_FRAMEWORK_HEADER = YES;
				CLANG_WARN_RANGE_LOOP_ANALYSIS = YES;
				CLANG_WARN_STRICT_PROTOTYPES = YES;
				CLANG_WARN_SUSPICIOUS_MOVE = YES;
				CLANG_WARN_UNGUARDED_AVAILABILITY = YES_AGGRESSIVE;
				CLANG_WARN_UNREACHABLE_CODE = YES;
				CLANG_WARN__DUPLICATE_METHOD_MATCH = YES;
				COPY_PHASE_STRIP = NO;
				DEBUG_INFORMATION_FORMAT = "dwarf-with-dsym";
				ENABLE_NS_ASSERTIONS = NO;
				ENABLE_STRICT_OBJC_MSGSEND = YES;
				GCC_C_LANGUAGE_STANDARD = gnu11;
				GCC_NO_COMMON_BLOCKS = YES;
				GCC_WARN_64_TO_32_BIT_CONVERSION = YES;
				GCC_WARN_ABOUT_RETURN_TYPE = YES_ERROR;
				GCC_WARN_UNDECLARED_SELECTOR = YES;
				GCC_WARN_UNINITIALIZED_AUTOS = YES_AGGRESSIVE;
				GCC_WARN_UNUSED_FUNCTION = YES;
				GCC_WARN_UNUSED_VARIABLE = YES;
				MACOSX_DEPLOYMENT_TARGET = 13.2;
				MTL_ENABLE_DEBUG_INFO = NO;
				MTL_FAST_MATH = YES;
				SDKROOT = macosx;
				SWIFT_COMPILATION_MODE = wholemodule;
				SWIFT_OPTIMIZATION_LEVEL = "-O";
			};
			name = Release;
		};
		BC064C1029E72F44003F97B7 /* Debug */ = {
			isa = XCBuildConfiguration;
			baseConfigurationReference = C7EC374129F7FB0100268BEE /* dev.xcconfig */;
			buildSettings = {
				ASSETCATALOG_COMPILER_APPICON_NAME = AppIcon;
				ASSETCATALOG_COMPILER_GLOBAL_ACCENT_COLOR_NAME = AccentColor;
				CODE_SIGN_ENTITLEMENTS = Client/Client.entitlements;
				"CODE_SIGN_IDENTITY[sdk=macosx*]" = "-";
				CODE_SIGN_STYLE = Automatic;
				COMBINE_HIDPI_IMAGES = YES;
				CURRENT_PROJECT_VERSION = 1;
				DEVELOPMENT_ASSET_PATHS = "\"Client/Preview Content\"";
				DEVELOPMENT_TEAM = "";
				ENABLE_HARDENED_RUNTIME = YES;
				ENABLE_PREVIEWS = YES;
				GENERATE_INFOPLIST_FILE = YES;
				INFOPLIST_FILE = Client/Info.plist;
				INFOPLIST_KEY_LSApplicationCategoryType = "";
				INFOPLIST_KEY_NSHumanReadableCopyright = "";
				LD_RUNPATH_SEARCH_PATHS = (
					"$(inherited)",
					"@executable_path/../Frameworks",
				);
				MARKETING_VERSION = 1.0;
				PRODUCT_BUNDLE_IDENTIFIER = com.dobodox.Client;
				PRODUCT_NAME = "$(TARGET_NAME)";
				PROVISIONING_PROFILE_SPECIFIER = "";
				SWIFT_EMIT_LOC_STRINGS = YES;
				SWIFT_VERSION = 5.0;
			};
			name = Debug;
		};
		BC064C1129E72F44003F97B7 /* Release */ = {
			isa = XCBuildConfiguration;
			baseConfigurationReference = C7EC374129F7FB0100268BEE /* dev.xcconfig */;
			buildSettings = {
				ASSETCATALOG_COMPILER_APPICON_NAME = AppIcon;
				ASSETCATALOG_COMPILER_GLOBAL_ACCENT_COLOR_NAME = AccentColor;
				CODE_SIGN_ENTITLEMENTS = Client/Client.entitlements;
				CODE_SIGN_IDENTITY = "Apple Development";
				"CODE_SIGN_IDENTITY[sdk=macosx*]" = "-";
				CODE_SIGN_STYLE = Automatic;
				COMBINE_HIDPI_IMAGES = YES;
				CURRENT_PROJECT_VERSION = 1;
				DEVELOPMENT_ASSET_PATHS = "\"Client/Preview Content\"";
				DEVELOPMENT_TEAM = "";
				ENABLE_HARDENED_RUNTIME = YES;
				ENABLE_PREVIEWS = YES;
				GENERATE_INFOPLIST_FILE = YES;
				INFOPLIST_FILE = Client/Info.plist;
				INFOPLIST_KEY_LSApplicationCategoryType = "";
				INFOPLIST_KEY_NSHumanReadableCopyright = "";
				LD_RUNPATH_SEARCH_PATHS = (
					"$(inherited)",
					"@executable_path/../Frameworks",
				);
				MARKETING_VERSION = 1.0;
				PRODUCT_BUNDLE_IDENTIFIER = com.dobodox.Client;
				PRODUCT_NAME = "$(TARGET_NAME)";
				PROVISIONING_PROFILE_SPECIFIER = "";
				SWIFT_EMIT_LOC_STRINGS = YES;
				SWIFT_VERSION = 5.0;
			};
			name = Release;
		};
/* End XCBuildConfiguration section */

/* Begin XCConfigurationList section */
		BC064BFB29E72F42003F97B7 /* Build configuration list for PBXProject "Client" */ = {
			isa = XCConfigurationList;
			buildConfigurations = (
				BC064C0D29E72F44003F97B7 /* Debug */,
				BC064C0E29E72F44003F97B7 /* Release */,
			);
			defaultConfigurationIsVisible = 0;
			defaultConfigurationName = Release;
		};
		BC064C0F29E72F44003F97B7 /* Build configuration list for PBXNativeTarget "Client" */ = {
			isa = XCConfigurationList;
			buildConfigurations = (
				BC064C1029E72F44003F97B7 /* Debug */,
				BC064C1129E72F44003F97B7 /* Release */,
			);
			defaultConfigurationIsVisible = 0;
			defaultConfigurationName = Release;
		};
/* End XCConfigurationList section */

/* Begin XCRemoteSwiftPackageReference section */
		C7EC373E29F7F6C800268BEE /* XCRemoteSwiftPackageReference "swift-log" */ = {
			isa = XCRemoteSwiftPackageReference;
			repositoryURL = "https://github.com/apple/swift-log.git";
			requirement = {
				kind = upToNextMajorVersion;
				minimumVersion = 1.0.0;
			};
		};
/* End XCRemoteSwiftPackageReference section */

/* Begin XCSwiftPackageProductDependency section */
		BCD17E4329E815130096428B /* Shared */ = {
			isa = XCSwiftPackageProductDependency;
			productName = Shared;
		};
		C7EC373F29F7F6C800268BEE /* Logging */ = {
			isa = XCSwiftPackageProductDependency;
			package = C7EC373E29F7F6C800268BEE /* XCRemoteSwiftPackageReference "swift-log" */;
			productName = Logging;
		};
/* End XCSwiftPackageProductDependency section */
	};
	rootObject = BC064BF829E72F42003F97B7 /* Project object */;
}
